
Microsoft Visual Studio Solution File, Format Version 12.00
# Visual Studio Version 17
VisualStudioVersion = 17.0.31903.59
MinimumVisualStudioVersion = 10.0.40219.1
Project("{2150E333-8FDC-42A3-9474-1A3956D46DE8}") = "src", "src", "{827E0CD3-B72D-47B6-A68D-7590B98EB39B}"
EndProject
Project("{2150E333-8FDC-42A3-9474-1A3956D46DE8}") = "Shared", "Shared", "{C8E42992-5E42-0C2B-DBFE-AA848D06431C}"
EndProject
Project("{2150E333-8FDC-42A3-9474-1A3956D46DE8}") = "Contracts", "Contracts", "{7DA348B5-9681-7436-A640-3B972169BAFB}"
EndProject
Project("{FAE04EC0-301F-11D3-BF4B-00C04F79EFBC}") = "PatchManagement.Contracts", "src\Shared\Contracts\PatchManagement.Contracts.csproj", "{4ED8CC8B-286A-4CD3-895C-CD75517D06BE}"
EndProject
Project("{FAE04EC0-301F-11D3-BF4B-00C04F79EFBC}") = "PatchManagement.Persistence", "src\Infrastructure\Persistence\PatchManagement.Persistence.csproj", "{43C6D7BB-6DAB-4B8C-9DCF-3F1E6E7C63FF}"
EndProject
Project("{FAE04EC0-301F-11D3-BF4B-00C04F79EFBC}") = "PatchManagement.Api", "src\Host\Api\PatchManagement.Api.csproj", "{B3AE9E89-BA18-424B-8BE6-829D3D709B1D}"
EndProject
Project("{FAE04EC0-301F-11D3-BF4B-00C04F79EFBC}") = "PatchManagement.Contracts.Tests", "tests\PatchManagement.Contracts.Tests\PatchManagement.Contracts.Tests.csproj", "{6B2DD649-2B03-414D-A5C5-988EE4EC4E40}"
EndProject
Project("{FAE04EC0-301F-11D3-BF4B-00C04F79EFBC}") = "PatchManagement.IntegrationTests", "tests\PatchManagement.IntegrationTests\PatchManagement.IntegrationTests.csproj", "{EC858E93-A0C3-40D6-8EE7-09965DD0842C}"
EndProject
Project("{2150E333-8FDC-42A3-9474-1A3956D46DE8}") = "Modules", "Modules", "{EC447DCF-ABFA-6E24-52A5-D7FD48A5C558}"
EndProject
Project("{2150E333-8FDC-42A3-9474-1A3956D46DE8}") = "Vault", "Vault", "{73DB6007-8A23-9EB5-FDA9-455D3F5AF593}"
EndProject
Project("{FAE04EC0-301F-11D3-BF4B-00C04F79EFBC}") = "PatchManagement.Vault", "src\Modules\Vault\PatchManagement.Vault.csproj", "{FA216251-7212-4192-BA1B-E6C931CA5B16}"
EndProject
Project("{2150E333-8FDC-42A3-9474-1A3956D46DE8}") = "tests", "tests", "{0AB3BF05-4346-4AA6-1389-037BE0695223}"
EndProject
Project("{FAE04EC0-301F-11D3-BF4B-00C04F79EFBC}") = "PatchManagement.Vault.Tests", "tests\PatchManagement.Vault.Tests\PatchManagement.Vault.Tests.csproj", "{8B60722F-D53C-4C45-9E90-EE37A09F4539}"
EndProject
Project("{2150E333-8FDC-42A3-9474-1A3956D46DE8}") = "Connectors", "Connectors", "{5AA5C674-9020-CE1B-6FCB-2BF816C6568F}"
EndProject
Project("{FAE04EC0-301F-11D3-BF4B-00C04F79EFBC}") = "PatchManagement.Connectors", "src\Modules\Connectors\PatchManagement.Connectors.csproj", "{68AEB90F-B3AD-4EEB-9365-9EE262A0E1DD}"
EndProject
Project("{FAE04EC0-301F-11D3-BF4B-00C04F79EFBC}") = "PatchManagement.TestSupport", "tests\PatchManagement.TestSupport\PatchManagement.TestSupport.csproj", "{71A0C159-B664-45DD-A6D7-D13167D2E129}"
EndProject
Project("{FAE04EC0-301F-11D3-BF4B-00C04F79EFBC}") = "PatchManagement.Connectors.Tests", "tests\PatchManagement.Connectors.Tests\PatchManagement.Connectors.Tests.csproj", "{0BAA8B3E-F2E6-468D-A9B1-DC944FBCFC59}"
EndProject
Project("{FAE04EC0-301F-11D3-BF4B-00C04F79EFBC}") = "PatchManagement.Connectors.IntegrationTests", "tests\PatchManagement.Connectors.IntegrationTests\PatchManagement.Connectors.IntegrationTests.csproj", "{67DB8522-03F9-4639-A3C0-3342372856E7}"
EndProject
Project("{2150E333-8FDC-42A3-9474-1A3956D46DE8}") = "Content", "Content", "{D2F8383C-F49B-E551-32D9-8814458A6CFF}"
EndProject
Project("{FAE04EC0-301F-11D3-BF4B-00C04F79EFBC}") = "PatchManagement.Content", "src\Modules\Content\PatchManagement.Content.csproj", "{63DB1A4A-01CD-4003-B45F-82DC7474BB26}"
EndProject
Project("{FAE04EC0-301F-11D3-BF4B-00C04F79EFBC}") = "PatchManagement.Content.Tests", "tests\PatchManagement.Content.Tests\PatchManagement.Content.Tests.csproj", "{9F4C1B7E-2D63-4A18-B5E0-7C3A9E5D46F1}"
EndProject
Project("{FAE04EC0-301F-11D3-BF4B-00C04F79EFBC}") = "PatchManagement.Content.IntegrationTests", "tests\PatchManagement.Content.IntegrationTests\PatchManagement.Content.IntegrationTests.csproj", "{C01D7EB1-4DE5-410F-AFA1-A42AE452110E}"
EndProject
Global
	GlobalSection(SolutionConfigurationPlatforms) = preSolution
		Debug|Any CPU = Debug|Any CPU
		Debug|x64 = Debug|x64
		Debug|x86 = Debug|x86
		Release|Any CPU = Release|Any CPU
		Release|x64 = Release|x64
		Release|x86 = Release|x86
	EndGlobalSection
	GlobalSection(ProjectConfigurationPlatforms) = postSolution
		{4ED8CC8B-286A-4CD3-895C-CD75517D06BE}.Debug|Any CPU.ActiveCfg = Debug|Any CPU
		{4ED8CC8B-286A-4CD3-895C-CD75517D06BE}.Debug|Any CPU.Build.0 = Debug|Any CPU
		{4ED8CC8B-286A-4CD3-895C-CD75517D06BE}.Debug|x64.ActiveCfg = Debug|Any CPU
		{4ED8CC8B-286A-4CD3-895C-CD75517D06BE}.Debug|x64.Build.0 = Debug|Any CPU
		{4ED8CC8B-286A-4CD3-895C-CD75517D06BE}.Debug|x86.ActiveCfg = Debug|Any CPU
		{4ED8CC8B-286A-4CD3-895C-CD75517D06BE}.Debug|x86.Build.0 = Debug|Any CPU
		{4ED8CC8B-286A-4CD3-895C-CD75517D06BE}.Release|Any CPU.ActiveCfg = Release|Any CPU
		{4ED8CC8B-286A-4CD3-895C-CD75517D06BE}.Release|Any CPU.Build.0 = Release|Any CPU
		{4ED8CC8B-286A-4CD3-895C-CD75517D06BE}.Release|x64.ActiveCfg = Release|Any CPU
		{4ED8CC8B-286A-4CD3-895C-CD75517D06BE}.Release|x64.Build.0 = Release|Any CPU
		{4ED8CC8B-286A-4CD3-895C-CD75517D06BE}.Release|x86.ActiveCfg = Release|Any CPU
		{4ED8CC8B-286A-4CD3-895C-CD75517D06BE}.Release|x86.Build.0 = Release|Any CPU
		{43C6D7BB-6DAB-4B8C-9DCF-3F1E6E7C63FF}.Debug|Any CPU.ActiveCfg = Debug|Any CPU
		{43C6D7BB-6DAB-4B8C-9DCF-3F1E6E7C63FF}.Debug|Any CPU.Build.0 = Debug|Any CPU
		{43C6D7BB-6DAB-4B8C-9DCF-3F1E6E7C63FF}.Debug|x64.ActiveCfg = Debug|Any CPU
		{43C6D7BB-6DAB-4B8C-9DCF-3F1E6E7C63FF}.Debug|x64.Build.0 = Debug|Any CPU
		{43C6D7BB-6DAB-4B8C-9DCF-3F1E6E7C63FF}.Debug|x86.ActiveCfg = Debug|Any CPU
		{43C6D7BB-6DAB-4B8C-9DCF-3F1E6E7C63FF}.Debug|x86.Build.0 = Debug|Any CPU
		{43C6D7BB-6DAB-4B8C-9DCF-3F1E6E7C63FF}.Release|Any CPU.ActiveCfg = Release|Any CPU
		{43C6D7BB-6DAB-4B8C-9DCF-3F1E6E7C63FF}.Release|Any CPU.Build.0 = Release|Any CPU
		{43C6D7BB-6DAB-4B8C-9DCF-3F1E6E7C63FF}.Release|x64.ActiveCfg = Release|Any CPU
		{43C6D7BB-6DAB-4B8C-9DCF-3F1E6E7C63FF}.Release|x64.Build.0 = Release|Any CPU
		{43C6D7BB-6DAB-4B8C-9DCF-3F1E6E7C63FF}.Release|x86.ActiveCfg = Release|Any CPU
		{43C6D7BB-6DAB-4B8C-9DCF-3F1E6E7C63FF}.Release|x86.Build.0 = Release|Any CPU
		{B3AE9E89-BA18-424B-8BE6-829D3D709B1D}.Debug|Any CPU.ActiveCfg = Debug|Any CPU
		{B3AE9E89-BA18-424B-8BE6-829D3D709B1D}.Debug|Any CPU.Build.0 = Debug|Any CPU
		{B3AE9E89-BA18-424B-8BE6-829D3D709B1D}.Debug|x64.ActiveCfg = Debug|Any CPU
		{B3AE9E89-BA18-424B-8BE6-829D3D709B1D}.Debug|x64.Build.0 = Debug|Any CPU
		{B3AE9E89-BA18-424B-8BE6-829D3D709B1D}.Debug|x86.ActiveCfg = Debug|Any CPU
		{B3AE9E89-BA18-424B-8BE6-829D3D709B1D}.Debug|x86.Build.0 = Debug|Any CPU
		{B3AE9E89-BA18-424B-8BE6-829D3D709B1D}.Release|Any CPU.ActiveCfg = Release|Any CPU
		{B3AE9E89-BA18-424B-8BE6-829D3D709B1D}.Release|Any CPU.Build.0 = Release|Any CPU
		{B3AE9E89-BA18-424B-8BE6-829D3D709B1D}.Release|x64.ActiveCfg = Release|Any CPU
		{B3AE9E89-BA18-424B-8BE6-829D3D709B1D}.Release|x64.Build.0 = Release|Any CPU
		{B3AE9E89-BA18-424B-8BE6-829D3D709B1D}.Release|x86.ActiveCfg = Release|Any CPU
		{B3AE9E89-BA18-424B-8BE6-829D3D709B1D}.Release|x86.Build.0 = Release|Any CPU
		{6B2DD649-2B03-414D-A5C5-988EE4EC4E40}.Debug|Any CPU.ActiveCfg = Debug|Any CPU
		{6B2DD649-2B03-414D-A5C5-988EE4EC4E40}.Debug|Any CPU.Build.0 = Debug|Any CPU
		{6B2DD649-2B03-414D-A5C5-988EE4EC4E40}.Debug|x64.ActiveCfg = Debug|Any CPU
		{6B2DD649-2B03-414D-A5C5-988EE4EC4E40}.Debug|x64.Build.0 = Debug|Any CPU
		{6B2DD649-2B03-414D-A5C5-988EE4EC4E40}.Debug|x86.ActiveCfg = Debug|Any CPU
		{6B2DD649-2B03-414D-A5C5-988EE4EC4E40}.Debug|x86.Build.0 = Debug|Any CPU
		{6B2DD649-2B03-414D-A5C5-988EE4EC4E40}.Release|Any CPU.ActiveCfg = Release|Any CPU
		{6B2DD649-2B03-414D-A5C5-988EE4EC4E40}.Release|Any CPU.Build.0 = Release|Any CPU
		{6B2DD649-2B03-414D-A5C5-988EE4EC4E40}.Release|x64.ActiveCfg = Release|Any CPU
		{6B2DD649-2B03-414D-A5C5-988EE4EC4E40}.Release|x64.Build.0 = Release|Any CPU
		{6B2DD649-2B03-414D-A5C5-988EE4EC4E40}.Release|x86.ActiveCfg = Release|Any CPU
		{6B2DD649-2B03-414D-A5C5-988EE4EC4E40}.Release|x86.Build.0 = Release|Any CPU
		{EC858E93-A0C3-40D6-8EE7-09965DD0842C}.Debug|Any CPU.ActiveCfg = Debug|Any CPU
		{EC858E93-A0C3-40D6-8EE7-09965DD0842C}.Debug|Any CPU.Build.0 = Debug|Any CPU
		{EC858E93-A0C3-40D6-8EE7-09965DD0842C}.Debug|x64.ActiveCfg = Debug|Any CPU
		{EC858E93-A0C3-40D6-8EE7-09965DD0842C}.Debug|x64.Build.0 = Debug|Any CPU
		{EC858E93-A0C3-40D6-8EE7-09965DD0842C}.Debug|x86.ActiveCfg = Debug|Any CPU
		{EC858E93-A0C3-40D6-8EE7-09965DD0842C}.Debug|x86.Build.0 = Debug|Any CPU
		{EC858E93-A0C3-40D6-8EE7-09965DD0842C}.Release|Any CPU.ActiveCfg = Release|Any CPU
		{EC858E93-A0C3-40D6-8EE7-09965DD0842C}.Release|Any CPU.Build.0 = Release|Any CPU
		{EC858E93-A0C3-40D6-8EE7-09965DD0842C}.Release|x64.ActiveCfg = Release|Any CPU
		{EC858E93-A0C3-40D6-8EE7-09965DD0842C}.Release|x64.Build.0 = Release|Any CPU
		{EC858E93-A0C3-40D6-8EE7-09965DD0842C}.Release|x86.ActiveCfg = Release|Any CPU
		{EC858E93-A0C3-40D6-8EE7-09965DD0842C}.Release|x86.Build.0 = Release|Any CPU
		{FA216251-7212-4192-BA1B-E6C931CA5B16}.Debug|Any CPU.ActiveCfg = Debug|Any CPU
		{FA216251-7212-4192-BA1B-E6C931CA5B16}.Debug|Any CPU.Build.0 = Debug|Any CPU
		{FA216251-7212-4192-BA1B-E6C931CA5B16}.Debug|x64.ActiveCfg = Debug|Any CPU
		{FA216251-7212-4192-BA1B-E6C931CA5B16}.Debug|x64.Build.0 = Debug|Any CPU
		{FA216251-7212-4192-BA1B-E6C931CA5B16}.Debug|x86.ActiveCfg = Debug|Any CPU
		{FA216251-7212-4192-BA1B-E6C931CA5B16}.Debug|x86.Build.0 = Debug|Any CPU
		{FA216251-7212-4192-BA1B-E6C931CA5B16}.Release|Any CPU.ActiveCfg = Release|Any CPU
		{FA216251-7212-4192-BA1B-E6C931CA5B16}.Release|Any CPU.Build.0 = Release|Any CPU
		{FA216251-7212-4192-BA1B-E6C931CA5B16}.Release|x64.ActiveCfg = Release|Any CPU
		{FA216251-7212-4192-BA1B-E6C931CA5B16}.Release|x64.Build.0 = Release|Any CPU
		{FA216251-7212-4192-BA1B-E6C931CA5B16}.Release|x86.ActiveCfg = Release|Any CPU
		{FA216251-7212-4192-BA1B-E6C931CA5B16}.Release|x86.Build.0 = Release|Any CPU
		{8B60722F-D53C-4C45-9E90-EE37A09F4539}.Debug|Any CPU.ActiveCfg = Debug|Any CPU
		{8B60722F-D53C-4C45-9E90-EE37A09F4539}.Debug|Any CPU.Build.0 = Debug|Any CPU
		{8B60722F-D53C-4C45-9E90-EE37A09F4539}.Debug|x64.ActiveCfg = Debug|Any CPU
		{8B60722F-D53C-4C45-9E90-EE37A09F4539}.Debug|x64.Build.0 = Debug|Any CPU
		{8B60722F-D53C-4C45-9E90-EE37A09F4539}.Debug|x86.ActiveCfg = Debug|Any CPU
		{8B60722F-D53C-4C45-9E90-EE37A09F4539}.Debug|x86.Build.0 = Debug|Any CPU
		{8B60722F-D53C-4C45-9E90-EE37A09F4539}.Release|Any CPU.ActiveCfg = Release|Any CPU
		{8B60722F-D53C-4C45-9E90-EE37A09F4539}.Release|Any CPU.Build.0 = Release|Any CPU
		{8B60722F-D53C-4C45-9E90-EE37A09F4539}.Release|x64.ActiveCfg = Release|Any CPU
		{8B60722F-D53C-4C45-9E90-EE37A09F4539}.Release|x64.Build.0 = Release|Any CPU
		{8B60722F-D53C-4C45-9E90-EE37A09F4539}.Release|x86.ActiveCfg = Release|Any CPU
		{8B60722F-D53C-4C45-9E90-EE37A09F4539}.Release|x86.Build.0 = Release|Any CPU
		{68AEB90F-B3AD-4EEB-9365-9EE262A0E1DD}.Debug|Any CPU.ActiveCfg = Debug|Any CPU
		{68AEB90F-B3AD-4EEB-9365-9EE262A0E1DD}.Debug|Any CPU.Build.0 = Debug|Any CPU
		{68AEB90F-B3AD-4EEB-9365-9EE262A0E1DD}.Debug|x64.ActiveCfg = Debug|Any CPU
		{68AEB90F-B3AD-4EEB-9365-9EE262A0E1DD}.Debug|x64.Build.0 = Debug|Any CPU
		{68AEB90F-B3AD-4EEB-9365-9EE262A0E1DD}.Debug|x86.ActiveCfg = Debug|Any CPU
		{68AEB90F-B3AD-4EEB-9365-9EE262A0E1DD}.Debug|x86.Build.0 = Debug|Any CPU
		{68AEB90F-B3AD-4EEB-9365-9EE262A0E1DD}.Release|Any CPU.ActiveCfg = Release|Any CPU
		{68AEB90F-B3AD-4EEB-9365-9EE262A0E1DD}.Release|Any CPU.Build.0 = Release|Any CPU
		{68AEB90F-B3AD-4EEB-9365-9EE262A0E1DD}.Release|x64.ActiveCfg = Release|Any CPU
		{68AEB90F-B3AD-4EEB-9365-9EE262A0E1DD}.Release|x64.Build.0 = Release|Any CPU
		{68AEB90F-B3AD-4EEB-9365-9EE262A0E1DD}.Release|x86.ActiveCfg = Release|Any CPU
		{68AEB90F-B3AD-4EEB-9365-9EE262A0E1DD}.Release|x86.Build.0 = Release|Any CPU
		{71A0C159-B664-45DD-A6D7-D13167D2E129}.Debug|Any CPU.ActiveCfg = Debug|Any CPU
		{71A0C159-B664-45DD-A6D7-D13167D2E129}.Debug|Any CPU.Build.0 = Debug|Any CPU
		{71A0C159-B664-45DD-A6D7-D13167D2E129}.Debug|x64.ActiveCfg = Debug|Any CPU
		{71A0C159-B664-45DD-A6D7-D13167D2E129}.Debug|x64.Build.0 = Debug|Any CPU
		{71A0C159-B664-45DD-A6D7-D13167D2E129}.Debug|x86.ActiveCfg = Debug|Any CPU
		{71A0C159-B664-45DD-A6D7-D13167D2E129}.Debug|x86.Build.0 = Debug|Any CPU
		{71A0C159-B664-45DD-A6D7-D13167D2E129}.Release|Any CPU.ActiveCfg = Release|Any CPU
		{71A0C159-B664-45DD-A6D7-D13167D2E129}.Release|Any CPU.Build.0 = Release|Any CPU
		{71A0C159-B664-45DD-A6D7-D13167D2E129}.Release|x64.ActiveCfg = Release|Any CPU
		{71A0C159-B664-45DD-A6D7-D13167D2E129}.Release|x64.Build.0 = Release|Any CPU
		{71A0C159-B664-45DD-A6D7-D13167D2E129}.Release|x86.ActiveCfg = Release|Any CPU
		{71A0C159-B664-45DD-A6D7-D13167D2E129}.Release|x86.Build.0 = Release|Any CPU
		{0BAA8B3E-F2E6-468D-A9B1-DC944FBCFC59}.Debug|Any CPU.ActiveCfg = Debug|Any CPU
		{0BAA8B3E-F2E6-468D-A9B1-DC944FBCFC59}.Debug|Any CPU.Build.0 = Debug|Any CPU
		{0BAA8B3E-F2E6-468D-A9B1-DC944FBCFC59}.Debug|x64.ActiveCfg = Debug|Any CPU
		{0BAA8B3E-F2E6-468D-A9B1-DC944FBCFC59}.Debug|x64.Build.0 = Debug|Any CPU
		{0BAA8B3E-F2E6-468D-A9B1-DC944FBCFC59}.Debug|x86.ActiveCfg = Debug|Any CPU
		{0BAA8B3E-F2E6-468D-A9B1-DC944FBCFC59}.Debug|x86.Build.0 = Debug|Any CPU
		{0BAA8B3E-F2E6-468D-A9B1-DC944FBCFC59}.Release|Any CPU.ActiveCfg = Release|Any CPU
		{0BAA8B3E-F2E6-468D-A9B1-DC944FBCFC59}.Release|Any CPU.Build.0 = Release|Any CPU
		{0BAA8B3E-F2E6-468D-A9B1-DC944FBCFC59}.Release|x64.ActiveCfg = Release|Any CPU
		{0BAA8B3E-F2E6-468D-A9B1-DC944FBCFC59}.Release|x64.Build.0 = Release|Any CPU
		{0BAA8B3E-F2E6-468D-A9B1-DC944FBCFC59}.Release|x86.ActiveCfg = Release|Any CPU
		{0BAA8B3E-F2E6-468D-A9B1-DC944FBCFC59}.Release|x86.Build.0 = Release|Any CPU
		{67DB8522-03F9-4639-A3C0-3342372856E7}.Debug|Any CPU.ActiveCfg = Debug|Any CPU
		{67DB8522-03F9-4639-A3C0-3342372856E7}.Debug|Any CPU.Build.0 = Debug|Any CPU
		{67DB8522-03F9-4639-A3C0-3342372856E7}.Debug|x64.ActiveCfg = Debug|Any CPU
		{67DB8522-03F9-4639-A3C0-3342372856E7}.Debug|x64.Build.0 = Debug|Any CPU
		{67DB8522-03F9-4639-A3C0-3342372856E7}.Debug|x86.ActiveCfg = Debug|Any CPU
		{67DB8522-03F9-4639-A3C0-3342372856E7}.Debug|x86.Build.0 = Debug|Any CPU
		{67DB8522-03F9-4639-A3C0-3342372856E7}.Release|Any CPU.ActiveCfg = Release|Any CPU
		{67DB8522-03F9-4639-A3C0-3342372856E7}.Release|Any CPU.Build.0 = Release|Any CPU
		{67DB8522-03F9-4639-A3C0-3342372856E7}.Release|x64.ActiveCfg = Release|Any CPU
		{67DB8522-03F9-4639-A3C0-3342372856E7}.Release|x64.Build.0 = Release|Any CPU
		{67DB8522-03F9-4639-A3C0-3342372856E7}.Release|x86.ActiveCfg = Release|Any CPU
		{67DB8522-03F9-4639-A3C0-3342372856E7}.Release|x86.Build.0 = Release|Any CPU
		{63DB1A4A-01CD-4003-B45F-82DC7474BB26}.Debug|Any CPU.ActiveCfg = Debug|Any CPU
		{63DB1A4A-01CD-4003-B45F-82DC7474BB26}.Debug|Any CPU.Build.0 = Debug|Any CPU
		{63DB1A4A-01CD-4003-B45F-82DC7474BB26}.Debug|x64.ActiveCfg = Debug|Any CPU
		{63DB1A4A-01CD-4003-B45F-82DC7474BB26}.Debug|x64.Build.0 = Debug|Any CPU
		{63DB1A4A-01CD-4003-B45F-82DC7474BB26}.Debug|x86.ActiveCfg = Debug|Any CPU
		{63DB1A4A-01CD-4003-B45F-82DC7474BB26}.Debug|x86.Build.0 = Debug|Any CPU
		{63DB1A4A-01CD-4003-B45F-82DC7474BB26}.Release|Any CPU.ActiveCfg = Release|Any CPU
		{63DB1A4A-01CD-4003-B45F-82DC7474BB26}.Release|Any CPU.Build.0 = Release|Any CPU
		{63DB1A4A-01CD-4003-B45F-82DC7474BB26}.Release|x64.ActiveCfg = Release|Any CPU
		{63DB1A4A-01CD-4003-B45F-82DC7474BB26}.Release|x64.Build.0 = Release|Any CPU
		{63DB1A4A-01CD-4003-B45F-82DC7474BB26}.Release|x86.ActiveCfg = Release|Any CPU
		{63DB1A4A-01CD-4003-B45F-82DC7474BB26}.Release|x86.Build.0 = Release|Any CPU
		{9F4C1B7E-2D63-4A18-B5E0-7C3A9E5D46F1}.Debug|Any CPU.ActiveCfg = Debug|Any CPU
		{9F4C1B7E-2D63-4A18-B5E0-7C3A9E5D46F1}.Debug|Any CPU.Build.0 = Debug|Any CPU
		{9F4C1B7E-2D63-4A18-B5E0-7C3A9E5D46F1}.Debug|x64.ActiveCfg = Debug|Any CPU
		{9F4C1B7E-2D63-4A18-B5E0-7C3A9E5D46F1}.Debug|x64.Build.0 = Debug|Any CPU
		{9F4C1B7E-2D63-4A18-B5E0-7C3A9E5D46F1}.Debug|x86.ActiveCfg = Debug|Any CPU
		{9F4C1B7E-2D63-4A18-B5E0-7C3A9E5D46F1}.Debug|x86.Build.0 = Debug|Any CPU
		{9F4C1B7E-2D63-4A18-B5E0-7C3A9E5D46F1}.Release|Any CPU.ActiveCfg = Release|Any CPU
		{9F4C1B7E-2D63-4A18-B5E0-7C3A9E5D46F1}.Release|Any CPU.Build.0 = Release|Any CPU
		{9F4C1B7E-2D63-4A18-B5E0-7C3A9E5D46F1}.Release|x64.ActiveCfg = Release|Any CPU
		{9F4C1B7E-2D63-4A18-B5E0-7C3A9E5D46F1}.Release|x64.Build.0 = Release|Any CPU
		{9F4C1B7E-2D63-4A18-B5E0-7C3A9E5D46F1}.Release|x86.ActiveCfg = Release|Any CPU
		{9F4C1B7E-2D63-4A18-B5E0-7C3A9E5D46F1}.Release|x86.Build.0 = Release|Any CPU
		{C01D7EB1-4DE5-410F-AFA1-A42AE452110E}.Debug|Any CPU.ActiveCfg = Debug|Any CPU
		{C01D7EB1-4DE5-410F-AFA1-A42AE452110E}.Debug|Any CPU.Build.0 = Debug|Any CPU
		{C01D7EB1-4DE5-410F-AFA1-A42AE452110E}.Debug|x64.ActiveCfg = Debug|Any CPU
		{C01D7EB1-4DE5-410F-AFA1-A42AE452110E}.Debug|x64.Build.0 = Debug|Any CPU
		{C01D7EB1-4DE5-410F-AFA1-A42AE452110E}.Debug|x86.ActiveCfg = Debug|Any CPU
		{C01D7EB1-4DE5-410F-AFA1-A42AE452110E}.Debug|x86.Build.0 = Debug|Any CPU
		{C01D7EB1-4DE5-410F-AFA1-A42AE452110E}.Release|Any CPU.ActiveCfg = Release|Any CPU
		{C01D7EB1-4DE5-410F-AFA1-A42AE452110E}.Release|Any CPU.Build.0 = Release|Any CPU
		{C01D7EB1-4DE5-410F-AFA1-A42AE452110E}.Release|x64.ActiveCfg = Release|Any CPU
		{C01D7EB1-4DE5-410F-AFA1-A42AE452110E}.Release|x64.Build.0 = Release|Any CPU
		{C01D7EB1-4DE5-410F-AFA1-A42AE452110E}.Release|x86.ActiveCfg = Release|Any CPU
		{C01D7EB1-4DE5-410F-AFA1-A42AE452110E}.Release|x86.Build.0 = Release|Any CPU
	EndGlobalSection
	GlobalSection(SolutionProperties) = preSolution
		HideSolutionNode = FALSE
	EndGlobalSection
	GlobalSection(NestedProjects) = preSolution
		{C8E42992-5E42-0C2B-DBFE-AA848D06431C} = {827E0CD3-B72D-47B6-A68D-7590B98EB39B}
		{7DA348B5-9681-7436-A640-3B972169BAFB} = {C8E42992-5E42-0C2B-DBFE-AA848D06431C}
		{4ED8CC8B-286A-4CD3-895C-CD75517D06BE} = {7DA348B5-9681-7436-A640-3B972169BAFB}
		{43C6D7BB-6DAB-4B8C-9DCF-3F1E6E7C63FF} = {7DA348B5-9681-7436-A640-3B972169BAFB}
		{B3AE9E89-BA18-424B-8BE6-829D3D709B1D} = {7DA348B5-9681-7436-A640-3B972169BAFB}
		{6B2DD649-2B03-414D-A5C5-988EE4EC4E40} = {7DA348B5-9681-7436-A640-3B972169BAFB}
		{EC858E93-A0C3-40D6-8EE7-09965DD0842C} = {7DA348B5-9681-7436-A640-3B972169BAFB}
		{EC447DCF-ABFA-6E24-52A5-D7FD48A5C558} = {827E0CD3-B72D-47B6-A68D-7590B98EB39B}
		{73DB6007-8A23-9EB5-FDA9-455D3F5AF593} = {EC447DCF-ABFA-6E24-52A5-D7FD48A5C558}
		{FA216251-7212-4192-BA1B-E6C931CA5B16} = {73DB6007-8A23-9EB5-FDA9-455D3F5AF593}
		{8B60722F-D53C-4C45-9E90-EE37A09F4539} = {0AB3BF05-4346-4AA6-1389-037BE0695223}
		{5AA5C674-9020-CE1B-6FCB-2BF816C6568F} = {EC447DCF-ABFA-6E24-52A5-D7FD48A5C558}
		{68AEB90F-B3AD-4EEB-9365-9EE262A0E1DD} = {5AA5C674-9020-CE1B-6FCB-2BF816C6568F}
		{71A0C159-B664-45DD-A6D7-D13167D2E129} = {0AB3BF05-4346-4AA6-1389-037BE0695223}
		{0BAA8B3E-F2E6-468D-A9B1-DC944FBCFC59} = {0AB3BF05-4346-4AA6-1389-037BE0695223}
		{67DB8522-03F9-4639-A3C0-3342372856E7} = {0AB3BF05-4346-4AA6-1389-037BE0695223}
		{D2F8383C-F49B-E551-32D9-8814458A6CFF} = {EC447DCF-ABFA-6E24-52A5-D7FD48A5C558}
		{63DB1A4A-01CD-4003-B45F-82DC7474BB26} = {D2F8383C-F49B-E551-32D9-8814458A6CFF}
		{9F4C1B7E-2D63-4A18-B5E0-7C3A9E5D46F1} = {0AB3BF05-4346-4AA6-1389-037BE0695223}
		{C01D7EB1-4DE5-410F-AFA1-A42AE452110E} = {0AB3BF05-4346-4AA6-1389-037BE0695223}
	EndGlobalSection
EndGlobal
